
Microsoft Visual Studio Solution File, Format Version 12.00
# Visual Studio 2013
VisualStudioVersion = 12.0.31101.0
MinimumVisualStudioVersion = 10.0.40219.1
Project("{FAE04EC0-301F-11D3-BF4B-00C04F79EFBC}") = "MFAzureNotification", "MFAzureNotification\MFAzureNotification.csproj", "{9B56DF27-B031-44EA-BB05-E01AAC63C44C}"
EndProject
Project("{FAE04EC0-301F-11D3-BF4B-00C04F79EFBC}") = "MFAzureNotificationWin8", "MFAzureNotificationWin8\MFAzureNotificationWin8.csproj", "{083423AC-2E8E-4F5A-A120-AF30B66A90DE}"
EndProject
Project("{FAE04EC0-301F-11D3-BF4B-00C04F79EFBC}") = "MFAzureNotificationMobile", "MFAzureNotificationMobile\MFAzureNotificationMobile.csproj", "{F05FF5D3-AC79-475A-B48E-9FD2E8E770F0}"
EndProject
Global
	GlobalSection(SolutionConfigurationPlatforms) = preSolution
		Debug|Any CPU = Debug|Any CPU
		Debug|ARM = Debug|ARM
		Debug|x64 = Debug|x64
		Debug|x86 = Debug|x86
		Release|Any CPU = Release|Any CPU
		Release|ARM = Release|ARM
		Release|x64 = Release|x64
		Release|x86 = Release|x86
	EndGlobalSection
	GlobalSection(ProjectConfigurationPlatforms) = postSolution
		{9B56DF27-B031-44EA-BB05-E01AAC63C44C}.Debug|Any CPU.ActiveCfg = Debug|Any CPU
		{9B56DF27-B031-44EA-BB05-E01AAC63C44C}.Debug|Any CPU.Build.0 = Debug|Any CPU
		{9B56DF27-B031-44EA-BB05-E01AAC63C44C}.Debug|Any CPU.Deploy.0 = Debug|Any CPU
		{9B56DF27-B031-44EA-BB05-E01AAC63C44C}.Debug|ARM.ActiveCfg = Debug|Any CPU
		{9B56DF27-B031-44EA-BB05-E01AAC63C44C}.Debug|x64.ActiveCfg = Debug|Any CPU
		{9B56DF27-B031-44EA-BB05-E01AAC63C44C}.Debug|x86.ActiveCfg = Debug|Any CPU
		{9B56DF27-B031-44EA-BB05-E01AAC63C44C}.Release|Any CPU.ActiveCfg = Release|Any CPU
		{9B56DF27-B031-44EA-BB05-E01AAC63C44C}.Release|Any CPU.Build.0 = Release|Any CPU
		{9B56DF27-B031-44EA-BB05-E01AAC63C44C}.Release|Any CPU.Deploy.0 = Release|Any CPU
		{9B56DF27-B031-44EA-BB05-E01AAC63C44C}.Release|ARM.ActiveCfg = Release|Any CPU
		{9B56DF27-B031-44EA-BB05-E01AAC63C44C}.Release|x64.ActiveCfg = Release|Any CPU
		{9B56DF27-B031-44EA-BB05-E01AAC63C44C}.Release|x86.ActiveCfg = Release|Any CPU
		{083423AC-2E8E-4F5A-A120-AF30B66A90DE}.Debug|Any CPU.ActiveCfg = Debug|Any CPU
		{083423AC-2E8E-4F5A-A120-AF30B66A90DE}.Debug|Any CPU.Build.0 = Debug|Any CPU
		{083423AC-2E8E-4F5A-A120-AF30B66A90DE}.Debug|Any CPU.Deploy.0 = Debug|Any CPU
		{083423AC-2E8E-4F5A-A120-AF30B66A90DE}.Debug|ARM.ActiveCfg = Debug|ARM
		{083423AC-2E8E-4F5A-A120-AF30B66A90DE}.Debug|ARM.Build.0 = Debug|ARM
		{083423AC-2E8E-4F5A-A120-AF30B66A90DE}.Debug|ARM.Deploy.0 = Debug|ARM
		{083423AC-2E8E-4F5A-A120-AF30B66A90DE}.Debug|x64.ActiveCfg = Debug|x64
		{083423AC-2E8E-4F5A-A120-AF30B66A90DE}.Debug|x64.Build.0 = Debug|x64
		{083423AC-2E8E-4F5A-A120-AF30B66A90DE}.Debug|x64.Deploy.0 = Debug|x64
		{083423AC-2E8E-4F5A-A120-AF30B66A90DE}.Debug|x86.ActiveCfg = Debug|x86
		{083423AC-2E8E-4F5A-A120-AF30B66A90DE}.Debug|x86.Build.0 = Debug|x86
		{083423AC-2E8E-4F5A-A120-AF30B66A90DE}.Debug|x86.Deploy.0 = Debug|x86
		{083423AC-2E8E-4F5A-A120-AF30B66A90DE}.Release|Any CPU.ActiveCfg = Release|Any CPU
		{083423AC-2E8E-4F5A-A120-AF30B66A90DE}.Release|Any CPU.Build.0 = Release|Any CPU
		{083423AC-2E8E-4F5A-A120-AF30B66A90DE}.Release|Any CPU.Deploy.0 = Release|Any CPU
		{083423AC-2E8E-4F5A-A120-AF30B66A90DE}.Release|ARM.ActiveCfg = Release|ARM
		{083423AC-2E8E-4F5A-A120-AF30B66A90DE}.Release|ARM.Build.0 = Release|ARM
		{083423AC-2E8E-4F5A-A120-AF30B66A90DE}.Release|ARM.Deploy.0 = Release|ARM
		{083423AC-2E8E-4F5A-A120-AF30B66A90DE}.Release|x64.ActiveCfg = Release|x64
		{083423AC-2E8E-4F5A-A120-AF30B66A90DE}.Release|x64.Build.0 = Release|x64
		{083423AC-2E8E-4F5A-A120-AF30B66A90DE}.Release|x64.Deploy.0 = Release|x64
		{083423AC-2E8E-4F5A-A120-AF30B66A90DE}.Release|x86.ActiveCfg = Release|x86
		{083423AC-2E8E-4F5A-A120-AF30B66A90DE}.Release|x86.Build.0 = Release|x86
		{083423AC-2E8E-4F5A-A120-AF30B66A90DE}.Release|x86.Deploy.0 = Release|x86
		{F05FF5D3-AC79-475A-B48E-9FD2E8E770F0}.Debug|Any CPU.ActiveCfg = Debug|Any CPU
		{F05FF5D3-AC79-475A-B48E-9FD2E8E770F0}.Debug|Any CPU.Build.0 = Debug|Any CPU
		{F05FF5D3-AC79-475A-B48E-9FD2E8E770F0}.Debug|ARM.ActiveCfg = Debug|Any CPU
		{F05FF5D3-AC79-475A-B48E-9FD2E8E770F0}.Debug|x64.ActiveCfg = Debug|Any CPU
		{F05FF5D3-AC79-475A-B48E-9FD2E8E770F0}.Debug|x86.ActiveCfg = Debug|Any CPU
		{F05FF5D3-AC79-475A-B48E-9FD2E8E770F0}.Release|Any CPU.ActiveCfg = Release|Any CPU
		{F05FF5D3-AC79-475A-B48E-9FD2E8E770F0}.Release|Any CPU.Build.0 = Release|Any CPU
		{F05FF5D3-AC79-475A-B48E-9FD2E8E770F0}.Release|ARM.ActiveCfg = Release|Any CPU
		{F05FF5D3-AC79-475A-B48E-9FD2E8E770F0}.Release|x64.ActiveCfg = Release|Any CPU
		{F05FF5D3-AC79-475A-B48E-9FD2E8E770F0}.Release|x86.ActiveCfg = Release|Any CPU
	EndGlobalSection
	GlobalSection(SolutionProperties) = preSolution
		HideSolutionNode = FALSE
	EndGlobalSection
EndGlobal
